
Microsoft Visual Studio Solution File, Format Version 12.00
# Visual Studio 14
VisualStudioVersion = 14.0.25123.0
MinimumVisualStudioVersion = 10.0.40219.1
Project("{FAE04EC0-301F-11D3-BF4B-00C04F79EFBC}") = "MiniProfilerRedisStorage", "MiniProfilerRedisStorage\MiniProfilerRedisStorage.csproj", "{3072B5AF-D2C1-4130-90D5-14C126BCC9AF}"
EndProject
Project("{2150E333-8FDC-42A3-9474-1A3956D46DE8}") = "Solution Items", "Solution Items", "{BA42B8E0-049B-4CEF-8F35-277A70D63039}"
	ProjectSection(SolutionItems) = preProject
		appveyor.yml = appveyor.yml
	EndProjectSection
EndProject
Global
	GlobalSection(SolutionConfigurationPlatforms) = preSolution
		Debug|Any CPU = Debug|Any CPU
		Release|Any CPU = Release|Any CPU
	EndGlobalSection
	GlobalSection(ProjectConfigurationPlatforms) = postSolution
		{3072B5AF-D2C1-4130-90D5-14C126BCC9AF}.Debug|Any CPU.ActiveCfg = Debug|Any CPU
		{3072B5AF-D2C1-4130-90D5-14C126BCC9AF}.Debug|Any CPU.Build.0 = Debug|Any CPU
		{3072B5AF-D2C1-4130-90D5-14C126BCC9AF}.Release|Any CPU.ActiveCfg = Release|Any CPU
		{3072B5AF-D2C1-4130-90D5-14C126BCC9AF}.Release|Any CPU.Build.0 = Release|Any CPU
	EndGlobalSection
	GlobalSection(SolutionProperties) = preSolution
		HideSolutionNode = FALSE
	EndGlobalSection
EndGlobal
